
Microsoft Visual Studio Solution File, Format Version 12.00
# Visual Studio Version 17
VisualStudioVersion = 17.11.35327.3
MinimumVisualStudioVersion = 10.0.40219.1
Project("{FAE04EC0-301F-11D3-BF4B-00C04F79EFBC}") = "WinRomEmu", "WinRomEmu\WinRomEmu.csproj", "{CCBC88C1-774A-4DCD-8568-72D45C899D28}"
EndProject
Global
	GlobalSection(SolutionConfigurationPlatforms) = preSolution
		Debug|Any CPU = Debug|Any CPU
		Release|Any CPU = Release|Any CPU
	EndGlobalSection
	GlobalSection(ProjectConfigurationPlatforms) = postSolution
		{CCBC88C1-774A-4DCD-8568-72D45C899D28}.Debug|Any CPU.ActiveCfg = Debug|Any CPU
		{CCBC88C1-774A-4DCD-8568-72D45C899D28}.Debug|Any CPU.Build.0 = Debug|Any CPU
		{CCBC88C1-774A-4DCD-8568-72D45C899D28}.Release|Any CPU.ActiveCfg = Release|Any CPU
		{CCBC88C1-774A-4DCD-8568-72D45C899D28}.Release|Any CPU.Build.0 = Release|Any CPU
	EndGlobalSection
	GlobalSection(SolutionProperties) = preSolution
		HideSolutionNode = FALSE
	EndGlobalSection
	GlobalSection(ExtensibilityGlobals) = postSolution
		SolutionGuid = {E4A8897F-E492-4D61-9252-D5D8A2233523}
	EndGlobalSection
EndGlobal
